
Microsoft Visual Studio Solution File, Format Version 12.00
# Visual Studio Version 17
VisualStudioVersion = 17.10.35013.160
MinimumVisualStudioVersion = 10.0.40219.1
Project("{FAE04EC0-301F-11D3-BF4B-00C04F79EFBC}") = "ASPNetCourse", "ASPNetCourse\ASPNetCourse.csproj", "{347888C2-370F-4075-A38E-9D9921E61156}"
EndProject
Global
	GlobalSection(SolutionConfigurationPlatforms) = preSolution
		Debug|Any CPU = Debug|Any CPU
		Release|Any CPU = Release|Any CPU
	EndGlobalSection
	GlobalSection(ProjectConfigurationPlatforms) = postSolution
		{347888C2-370F-4075-A38E-9D9921E61156}.Debug|Any CPU.ActiveCfg = Debug|Any CPU
		{347888C2-370F-4075-A38E-9D9921E61156}.Debug|Any CPU.Build.0 = Debug|Any CPU
		{347888C2-370F-4075-A38E-9D9921E61156}.Release|Any CPU.ActiveCfg = Release|Any CPU
		{347888C2-370F-4075-A38E-9D9921E61156}.Release|Any CPU.Build.0 = Release|Any CPU
	EndGlobalSection
	GlobalSection(SolutionProperties) = preSolution
		HideSolutionNode = FALSE
	EndGlobalSection
	GlobalSection(ExtensibilityGlobals) = postSolution
		SolutionGuid = {069A62C5-AEE4-4DB6-8B2A-DA4C51ECFD2A}
	EndGlobalSection
EndGlobal
